// !$*UTF8*$!
{
	archiveVersion = 1;
	classes = {
	};
	objectVersion = 46;
	objects = {

/* Begin PBXBuildFile section */
		96D7ABC61B774AB4006F101C /* main.m in Sources */ = {isa = PBXBuildFile; fileRef = 96D7ABC51B774AB4006F101C /* main.m */; };
		96D7ABC91B774AB4006F101C /* AppDelegate.m in Sources */ = {isa = PBXBuildFile; fileRef = 96D7ABC81B774AB4006F101C /* AppDelegate.m */; };
		96D7ABCC1B774AB4006F101C /* ViewController.m in Sources */ = {isa = PBXBuildFile; fileRef = 96D7ABCB1B774AB4006F101C /* ViewController.m */; };
		96D7ABCF1B774AB4006F101C /* Main.storyboard in Resources */ = {isa = PBXBuildFile; fileRef = 96D7ABCD1B774AB4006F101C /* Main.storyboard */; };
		96D7ABD11B774AB4006F101C /* Images.xcassets in Resources */ = {isa = PBXBuildFile; fileRef = 96D7ABD01B774AB4006F101C /* Images.xcassets */; };
		96D7ABD41B774AB4006F101C /* LaunchScreen.xib in Resources */ = {isa = PBXBuildFile; fileRef = 96D7ABD21B774AB4006F101C /* LaunchScreen.xib */; };
		96D7ABE01B774AB4006F101C /* PrinfZigZagTests.m in Sources */ = {isa = PBXBuildFile; fileRef = 96D7ABDF1B774AB4006F101C /* PrinfZigZagTests.m */; };
/* End PBXBuildFile section */

/* Begin PBXContainerItemProxy section */
		96D7ABDA1B774AB4006F101C /* PBXContainerItemProxy */ = {
			isa = PBXContainerItemProxy;
			containerPortal = 96D7ABB81B774AB4006F101C /* Project object */;
			proxyType = 1;
			remoteGlobalIDString = 96D7ABBF1B774AB4006F101C;
			remoteInfo = PrinfZigZag;
		};
/* End PBXContainerItemProxy section */

/* Begin PBXFileReference section */
		96D7ABC01B774AB4006F101C /* PrinfZigZag.app */ = {isa = PBXFileReference; explicitFileType = wrapper.application; includeInIndex = 0; path = PrinfZigZag.app; sourceTree = BUILT_PRODUCTS_DIR; };
		96D7ABC41B774AB4006F101C /* Info.plist */ = {isa = PBXFileReference; lastKnownFileType = text.plist.xml; path = Info.plist; sourceTree = "<group>"; };
		96D7ABC51B774AB4006F101C /* main.m */ = {isa = PBXFileReference; lastKnownFileType = sourcecode.c.objc; path = main.m; sourceTree = "<group>"; };
		96D7ABC71B774AB4006F101C /* AppDelegate.h */ = {isa = PBXFileReference; lastKnownFileType = sourcecode.c.h; path = AppDelegate.h; sourceTree = "<group>"; };
		96D7ABC81B774AB4006F101C /* AppDelegate.m */ = {isa = PBXFileReference; lastKnownFileType = sourcecode.c.objc; path = AppDelegate.m; sourceTree = "<group>"; };
		96D7ABCA1B774AB4006F101C /* ViewController.h */ = {isa = PBXFileReference; lastKnownFileType = sourcecode.c.h; path = ViewController.h; sourceTree = "<group>"; };
		96D7ABCB1B774AB4006F101C /* ViewController.m */ = {isa = PBXFileReference; lastKnownFileType = sourcecode.c.objc; path = ViewController.m; sourceTree = "<group>"; };
		96D7ABCE1B774AB4006F101C /* Base */ = {isa = PBXFileReference; lastKnownFileType = file.storyboard; name = Base; path = Base.lproj/Main.storyboard; sourceTree = "<group>"; };
		96D7ABD01B774AB4006F101C /* Images.xcassets */ = {isa = PBXFileReference; lastKnownFileType = folder.assetcatalog; path = Images.xcassets; sourceTree = "<group>"; };
		96D7ABD31B774AB4006F101C /* Base */ = {isa = PBXFileReference; lastKnownFileType = file.xib; name = Base; path = Base.lproj/LaunchScreen.xib; sourceTree = "<group>"; };
		96D7ABD91B774AB4006F101C /* PrinfZigZagTests.xctest */ = {isa = PBXFileReference; explicitFileType = wrapper.cfbundle; includeInIndex = 0; path = PrinfZigZagTests.xctest; sourceTree = BUILT_PRODUCTS_DIR; };
		96D7ABDE1B774AB4006F101C /* Info.plist */ = {isa = PBXFileReference; lastKnownFileType = text.plist.xml; path = Info.plist; sourceTree = "<group>"; };
		96D7ABDF1B774AB4006F101C /* PrinfZigZagTests.m */ = {isa = PBXFileReference; lastKnownFileType = sourcecode.c.objc; path = PrinfZigZagTests.m; sourceTree = "<group>"; };
/* End PBXFileReference section */

/* Begin PBXFrameworksBuildPhase section */
		96D7ABBD1B774AB4006F101C /* Frameworks */ = {
			isa = PBXFrameworksBuildPhase;
			buildActionMask = 2147483647;
			files = (
			);
			runOnlyForDeploymentPostprocessing = 0;
		};
		96D7ABD61B774AB4006F101C /* Frameworks */ = {
			isa = PBXFrameworksBuildPhase;
			buildActionMask = 2147483647;
			files = (
			);
			runOnlyForDeploymentPostprocessing = 0;
		};
/* End PBXFrameworksBuildPhase section */

/* Begin PBXGroup section */
		96D7ABB71B774AB4006F101C = {
			isa = PBXGroup;
			children = (
				96D7ABC21B774AB4006F101C /* PrinfZigZag */,
				96D7ABDC1B774AB4006F101C /* PrinfZigZagTests */,
				96D7ABC11B774AB4006F101C /* Products */,
			);
			sourceTree = "<group>";
		};
		96D7ABC11B774AB4006F101C /* Products */ = {
			isa = PBXGroup;
			children = (
				96D7ABC01B774AB4006F101C /* PrinfZigZag.app */,
				96D7ABD91B774AB4006F101C /* PrinfZigZagTests.xctest */,
			);
			name = Products;
			sourceTree = "<group>";
		};
		96D7ABC21B774AB4006F101C /* PrinfZigZag */ = {
			isa = PBXGroup;
			children = (
				96D7ABC71B774AB4006F101C /* AppDelegate.h */,
				96D7ABC81B774AB4006F101C /* AppDelegate.m */,
				96D7ABCA1B774AB4006F101C /* ViewController.h */,
				96D7ABCB1B774AB4006F101C /* ViewController.m */,
				96D7ABCD1B774AB4006F101C /* Main.storyboard */,
				96D7ABD01B774AB4006F101C /* Images.xcassets */,
				96D7ABD21B774AB4006F101C /* LaunchScreen.xib */,
				96D7ABC31B774AB4006F101C /* Supporting Files */,
			);
			path = PrinfZigZag;
			sourceTree = "<group>";
		};
		96D7ABC31B774AB4006F101C /* Supporting Files */ = {
			isa = PBXGroup;
			children = (
				96D7ABC41B774AB4006F101C /* Info.plist */,
				96D7ABC51B774AB4006F101C /* main.m */,
			);
			name = "Supporting Files";
			sourceTree = "<group>";
		};
		96D7ABDC1B774AB4006F101C /* PrinfZigZagTests */ = {
			isa = PBXGroup;
			children = (
				96D7ABDF1B774AB4006F101C /* PrinfZigZagTests.m */,
				96D7ABDD1B774AB4006F101C /* Supporting Files */,
			);
			path = PrinfZigZagTests;
			sourceTree = "<group>";
		};
		96D7ABDD1B774AB4006F101C /* Supporting Files */ = {
			isa = PBXGroup;
			children = (
				96D7ABDE1B774AB4006F101C /* Info.plist */,
			);
			name = "Supporting Files";
			sourceTree = "<group>";
		};
/* End PBXGroup section */

/* Begin PBXNativeTarget section */
		96D7ABBF1B774AB4006F101C /* PrinfZigZag */ = {
			isa = PBXNativeTarget;
			buildConfigurationList = 96D7ABE31B774AB4006F101C /* Build configuration list for PBXNativeTarget "PrinfZigZag" */;
			buildPhases = (
				96D7ABBC1B774AB4006F101C /* Sources */,
				96D7ABBD1B774AB4006F101C /* Frameworks */,
				96D7ABBE1B774AB4006F101C /* Resources */,
			);
			buildRules = (
			);
			dependencies = (
			);
			name = PrinfZigZag;
			productName = PrinfZigZag;
			productReference = 96D7ABC01B774AB4006F101C /* PrinfZigZag.app */;
			productType = "com.apple.product-type.application";
		};
		96D7ABD81B774AB4006F101C /* PrinfZigZagTests */ = {
			isa = PBXNativeTarget;
			buildConfigurationList = 96D7ABE61B774AB4006F101C /* Build configuration list for PBXNativeTarget "PrinfZigZagTests" */;
			buildPhases = (
				96D7ABD51B774AB4006F101C /* Sources */,
				96D7ABD61B774AB4006F101C /* Frameworks */,
				96D7ABD71B774AB4006F101C /* Resources */,
			);
			buildRules = (
			);
			dependencies = (
				96D7ABDB1B774AB4006F101C /* PBXTargetDependency */,
			);
			name = PrinfZigZagTests;
			productName = PrinfZigZagTests;
			productReference = 96D7ABD91B774AB4006F101C /* PrinfZigZagTests.xctest */;
			productType = "com.apple.product-type.bundle.unit-test";
		};
/* End PBXNativeTarget section */

/* Begin PBXProject section */
		96D7ABB81B774AB4006F101C /* Project object */ = {
			isa = PBXProject;
			attributes = {
				LastUpgradeCheck = 0640;
				ORGANIZATIONNAME = "IOS32 class - Techmaster";
				TargetAttributes = {
					96D7ABBF1B774AB4006F101C = {
						CreatedOnToolsVersion = 6.4;
					};
					96D7ABD81B774AB4006F101C = {
						CreatedOnToolsVersion = 6.4;
						TestTargetID = 96D7ABBF1B774AB4006F101C;
					};
				};
			};
			buildConfigurationList = 96D7ABBB1B774AB4006F101C /* Build configuration list for PBXProject "PrinfZigZag" */;
			compatibilityVersion = "Xcode 3.2";
			developmentRegion = English;
			hasScannedForEncodings = 0;
			knownRegions = (
				en,
				Base,
			);
			mainGroup = 96D7ABB71B774AB4006F101C;
			productRefGroup = 96D7ABC11B774AB4006F101C /* Products */;
			projectDirPath = "";
			projectRoot = "";
			targets = (
				96D7ABBF1B774AB4006F101C /* PrinfZigZag */,
				96D7ABD81B774AB4006F101C /* PrinfZigZagTests */,
			);
		};
/* End PBXProject section */

/* Begin PBXResourcesBuildPhase section */
		96D7ABBE1B774AB4006F101C /* Resources */ = {
			isa = PBXResourcesBuildPhase;
			buildActionMask = 2147483647;
			files = (
				96D7ABCF1B774AB4006F101C /* Main.storyboard in Resources */,
				96D7ABD41B774AB4006F101C /* LaunchScreen.xib in Resources */,
				96D7ABD11B774AB4006F101C /* Images.xcassets in Resources */,
			);
			runOnlyForDeploymentPostprocessing = 0;
		};
		96D7ABD71B774AB4006F101C /* Resources */ = {
			isa = PBXResourcesBuildPhase;
			buildActionMask = 2147483647;
			files = (
			);
			runOnlyForDeploymentPostprocessing = 0;
		};
/* End PBXResourcesBuildPhase section */

/* Begin PBXSourcesBuildPhase section */
		96D7ABBC1B774AB4006F101C /* Sources */ = {
			isa = PBXSourcesBuildPhase;
			buildActionMask = 2147483647;
			files = (
				96D7ABCC1B774AB4006F101C /* ViewController.m in Sources */,
				96D7ABC91B774AB4006F101C /* AppDelegate.m in Sources */,
				96D7ABC61B774AB4006F101C /* main.m in Sources */,
			);
			runOnlyForDeploymentPostprocessing = 0;
		};
		96D7ABD51B774AB4006F101C /* Sources */ = {
			isa = PBXSourcesBuildPhase;
			buildActionMask = 2147483647;
			files = (
				96D7ABE01B774AB4006F101C /* PrinfZigZagTests.m in Sources */,
			);
			runOnlyForDeploymentPostprocessing = 0;
		};
/* End PBXSourcesBuildPhase section */

/* Begin PBXTargetDependency section */
		96D7ABDB1B774AB4006F101C /* PBXTargetDependency */ = {
			isa = PBXTargetDependency;
			target = 96D7ABBF1B774AB4006F101C /* PrinfZigZag */;
			targetProxy = 96D7ABDA1B774AB4006F101C /* PBXContainerItemProxy */;
		};
/* End PBXTargetDependency section */

/* Begin PBXVariantGroup section */
		96D7ABCD1B774AB4006F101C /* Main.storyboard */ = {
			isa = PBXVariantGroup;
			children = (
				96D7ABCE1B774AB4006F101C /* Base */,
			);
			name = Main.storyboard;
			sourceTree = "<group>";
		};
		96D7ABD21B774AB4006F101C /* LaunchScreen.xib */ = {
			isa = PBXVariantGroup;
			children = (
				96D7ABD31B774AB4006F101C /* Base */,
			);
			name = LaunchScreen.xib;
			sourceTree = "<group>";
		};
/* End PBXVariantGroup section */

/* Begin XCBuildConfiguration section */
		96D7ABE11B774AB4006F101C /* Debug */ = {
			isa = XCBuildConfiguration;
			buildSettings = {
				ALWAYS_SEARCH_USER_PATHS = NO;
				CLANG_CXX_LANGUAGE_STANDARD = "gnu++0x";
				CLANG_CXX_LIBRARY = "libc++";
				CLANG_ENABLE_MODULES = YES;
				CLANG_ENABLE_OBJC_ARC = YES;
				CLANG_WARN_BOOL_CONVERSION = YES;
				CLANG_WARN_CONSTANT_CONVERSION = YES;
				CLANG_WARN_DIRECT_OBJC_ISA_USAGE = YES_ERROR;
				CLANG_WARN_EMPTY_BODY = YES;
				CLANG_WARN_ENUM_CONVERSION = YES;
				CLANG_WARN_INT_CONVERSION = YES;
				CLANG_WARN_OBJC_ROOT_CLASS = YES_ERROR;
				CLANG_WARN_UNREACHABLE_CODE = YES;
				CLANG_WARN__DUPLICATE_METHOD_MATCH = YES;
				"CODE_SIGN_IDENTITY[sdk=iphoneos*]" = "iPhone Developer";
				COPY_PHASE_STRIP = NO;
				DEBUG_INFORMATION_FORMAT = "dwarf-with-dsym";
				ENABLE_STRICT_OBJC_MSGSEND = YES;
				GCC_C_LANGUAGE_STANDARD = gnu99;
				GCC_DYNAMIC_NO_PIC = NO;
				GCC_NO_COMMON_BLOCKS = YES;
				GCC_OPTIMIZATION_LEVEL = 0;
				GCC_PREPROCESSOR_DEFINITIONS = (
					"DEBUG=1",
					"$(inherited)",
				);
				GCC_SYMBOLS_PRIVATE_EXTERN = NO;
				GCC_WARN_64_TO_32_BIT_CONVERSION = YES;
				GCC_WARN_ABOUT_RETURN_TYPE = YES_ERROR;
				GCC_WARN_UNDECLARED_SELECTOR = YES;
				GCC_WARN_UNINITIALIZED_AUTOS = YES_AGGRESSIVE;
				GCC_WARN_UNUSED_FUNCTION = YES;
				GCC_WARN_UNUSED_VARIABLE = YES;
				IPHONEOS_DEPLOYMENT_TARGET = 8.4;
				MTL_ENABLE_DEBUG_INFO = YES;
				ONLY_ACTIVE_ARCH = YES;
				SDKROOT = iphoneos;
			};
			name = Debug;
		};
		96D7ABE21B774AB4006F101C /* Release */ = {
			isa = XCBuildConfiguration;
			buildSettings = {
				ALWAYS_SEARCH_USER_PATHS = NO;
				CLANG_CXX_LANGUAGE_STANDARD = "gnu++0x";
				CLANG_CXX_LIBRARY = "libc++";
				CLANG_ENABLE_MODULES = YES;
				CLANG_ENABLE_OBJC_ARC = YES;
				CLANG_WARN_BOOL_CONVERSION = YES;
				CLANG_WARN_CONSTANT_CONVERSION = YES;
				CLANG_WARN_DIRECT_OBJC_ISA_USAGE = YES_ERROR;
				CLANG_WARN_EMPTY_BODY = YES;
				CLANG_WARN_ENUM_CONVERSION = YES;
				CLANG_WARN_INT_CONVERSION = YES;
				CLANG_WARN_OBJC_ROOT_CLASS = YES_ERROR;
				CLANG_WARN_UNREACHABLE_CODE = YES;
				CLANG_WARN__DUPLICATE_METHOD_MATCH = YES;
				"CODE_SIGN_IDENTITY[sdk=iphoneos*]" = "iPhone Developer";
				COPY_PHASE_STRIP = NO;
				DEBUG_INFORMATION_FORMAT = "dwarf-with-dsym";
				ENABLE_NS_ASSERTIONS = NO;
				ENABLE_STRICT_OBJC_MSGSEND = YES;
				GCC_C_LANGUAGE_STANDARD = gnu99;
				GCC_NO_COMMON_BLOCKS = YES;
				GCC_WARN_64_TO_32_BIT_CONVERSION = YES;
				GCC_WARN_ABOUT_RETURN_TYPE = YES_ERROR;
				GCC_WARN_UNDECLARED_SELECTOR = YES;
				GCC_WARN_UNINITIALIZED_AUTOS = YES_AGGRESSIVE;
				GCC_WARN_UNUSED_FUNCTION = YES;
				GCC_WARN_UNUSED_VARIABLE = YES;
				IPHONEOS_DEPLOYMENT_TARGET = 8.4;
				MTL_ENABLE_DEBUG_INFO = NO;
				SDKROOT = iphoneos;
				VALIDATE_PRODUCT = YES;
			};
			name = Release;
		};
		96D7ABE41B774AB4006F101C /* Debug */ = {
			isa = XCBuildConfiguration;
			buildSettings = {
				ASSETCATALOG_COMPILER_APPICON_NAME = AppIcon;
				INFOPLIST_FILE = PrinfZigZag/Info.plist;
				LD_RUNPATH_SEARCH_PATHS = "$(inherited) @executable_path/Frameworks";
				PRODUCT_NAME = "$(TARGET_NAME)";
			};
			name = Debug;
		};
		96D7ABE51B774AB4006F101C /* Release */ = {
			isa = XCBuildConfiguration;
			buildSettings = {
				ASSETCATALOG_COMPILER_APPICON_NAME = AppIcon;
				INFOPLIST_FILE = PrinfZigZag/Info.plist;
				LD_RUNPATH_SEARCH_PATHS = "$(inherited) @executable_path/Frameworks";
				PRODUCT_NAME = "$(TARGET_NAME)";
			};
			name = Release;
		};
		96D7ABE71B774AB4006F101C /* Debug */ = {
			isa = XCBuildConfiguration;
			buildSettings = {
				BUNDLE_LOADER = "$(TEST_HOST)";
				FRAMEWORK_SEARCH_PATHS = (
					"$(SDKROOT)/Developer/Library/Frameworks",
					"$(inherited)",
				);
				GCC_PREPROCESSOR_DEFINITIONS = (
					"DEBUG=1",
					"$(inherited)",
				);
				INFOPLIST_FILE = PrinfZigZagTests/Info.plist;
				LD_RUNPATH_SEARCH_PATHS = "$(inherited) @executable_path/Frameworks @loader_path/Frameworks";
				PRODUCT_NAME = "$(TARGET_NAME)";
				TEST_HOST = "$(BUILT_PRODUCTS_DIR)/PrinfZigZag.app/PrinfZigZag";
			};
			name = Debug;
		};
		96D7ABE81B774AB4006F101C /* Release */ = {
			isa = XCBuildConfiguration;
			buildSettings = {
				BUNDLE_LOADER = "$(TEST_HOST)";
				FRAMEWORK_SEARCH_PATHS = (
					"$(SDKROOT)/Developer/Library/Frameworks",
					"$(inherited)",
				);
				INFOPLIST_FILE = PrinfZigZagTests/Info.plist;
				LD_RUNPATH_SEARCH_PATHS = "$(inherited) @executable_path/Frameworks @loader_path/Frameworks";
				PRODUCT_NAME = "$(TARGET_NAME)";
				TEST_HOST = "$(BUILT_PRODUCTS_DIR)/PrinfZigZag.app/PrinfZigZag";
			};
			name = Release;
		};
/* End XCBuildConfiguration section */

/* Begin XCConfigurationList section */
		96D7ABBB1B774AB4006F101C /* Build configuration list for PBXProject "PrinfZigZag" */ = {
			isa = XCConfigurationList;
			buildConfigurations = (
				96D7ABE11B774AB4006F101C /* Debug */,
				96D7ABE21B774AB4006F101C /* Release */,
			);
			defaultConfigurationIsVisible = 0;
			defaultConfigurationName = Release;
		};
		96D7ABE31B774AB4006F101C /* Build configuration list for PBXNativeTarget "PrinfZigZag" */ = {
			isa = XCConfigurationList;
			buildConfigurations = (
				96D7ABE41B774AB4006F101C /* Debug */,
				96D7ABE51B774AB4006F101C /* Release */,
			);
			defaultConfigurationIsVisible = 0;
		};
		96D7ABE61B774AB4006F101C /* Build configuration list for PBXNativeTarget "PrinfZigZagTests" */ = {
			isa = XCConfigurationList;
			buildConfigurations = (
				96D7ABE71B774AB4006F101C /* Debug */,
				96D7ABE81B774AB4006F101C /* Release */,
			);
			defaultConfigurationIsVisible = 0;
		};
/* End XCConfigurationList section */
	};
	rootObject = 96D7ABB81B774AB4006F101C /* Project object */;
}
